
Microsoft Visual Studio Solution File, Format Version 12.00
# Visual Studio 2012
Project("{8BC9CEB8-8B4A-11D0-8D11-00A0C91BC942}") = "create", "create.vcxproj", "{C35E6B5E-20E9-4ED3-A45F-5E97D996E52A}"
EndProject
Global
	GlobalSection(SolutionConfigurationPlatforms) = preSolution
		Debug|Win32 = Debug|Win32
		Release|Win32 = Release|Win32
	EndGlobalSection
	GlobalSection(ProjectConfigurationPlatforms) = postSolution
		{C35E6B5E-20E9-4ED3-A45F-5E97D996E52A}.Debug|Win32.ActiveCfg = Debug|Win32
		{C35E6B5E-20E9-4ED3-A45F-5E97D996E52A}.Debug|Win32.Build.0 = Debug|Win32
		{C35E6B5E-20E9-4ED3-A45F-5E97D996E52A}.Release|Win32.ActiveCfg = Release|Win32
		{C35E6B5E-20E9-4ED3-A45F-5E97D996E52A}.Release|Win32.Build.0 = Release|Win32
	EndGlobalSection
	GlobalSection(SolutionProperties) = preSolution
		HideSolutionNode = FALSE
	EndGlobalSection
	GlobalSection(Performance) = preSolution
		HasPerformanceSessions = true
	EndGlobalSection
EndGlobal
